// This file would typically be generated by React Native CLI
// It contains the Xcode project configuration for both the main app and widget extension
// Key points for widget setup:
// 1. Add Widget Extension target
// 2. Configure App Groups capability
// 3. Set proper bundle identifiers
// 4. Link WidgetKit framework

// Example configuration sections:
// - Widget Extension Target
// - App Groups: group.com.userlistapp.widget
// - Bundle ID: com.userlistapp.widget
// - WidgetKit.framework linked